
Microsoft Visual Studio Solution File, Format Version 12.00
Project("{FAE04EC0-301F-11D3-BF4B-00C04F79EFBC}") = "Xflick", "Xflick.csproj", "{EE1EC28A-62E0-4104-989F-B5D67CAB2BC4}"
EndProject
Global
	GlobalSection(SolutionConfigurationPlatforms) = preSolution
		Debug|Any CPU = Debug|Any CPU
		Release|Any CPU = Release|Any CPU
	EndGlobalSection
	GlobalSection(ProjectConfigurationPlatforms) = postSolution
		{EE1EC28A-62E0-4104-989F-B5D67CAB2BC4}.Debug|Any CPU.ActiveCfg = Debug|Any CPU
		{EE1EC28A-62E0-4104-989F-B5D67CAB2BC4}.Debug|Any CPU.Build.0 = Debug|Any CPU
		{EE1EC28A-62E0-4104-989F-B5D67CAB2BC4}.Release|Any CPU.ActiveCfg = Release|Any CPU
		{EE1EC28A-62E0-4104-989F-B5D67CAB2BC4}.Release|Any CPU.Build.0 = Release|Any CPU
	EndGlobalSection
EndGlobal
